# This file is automatically @generated by Cargo.
# It is not intended for manual editing.
version = 4

[[package]]
name = "maestria"
version = "0.1.0"

[[package]]
name = "maestria-domain"
version = "0.1.0"

[[package]]
name = "maestria-governance"
version = "0.1.0"
dependencies = [
 "maestria-domain",
]
